# THIS IS AN AUTOGENERATED FILE. DO NOT EDIT THIS FILE DIRECTLY.
# yarn lockfile v1


prettier@^1.14.3:
  version "1.14.3"
  resolved "https://registry.yarnpkg.com/prettier/-/prettier-1.14.3.tgz#90238dd4c0684b7edce5f83b0fb7328e48bd0895"
  integrity sha512-qZDVnCrnpsRJJq5nSsiHCE3BYMED2OtsI+cmzIzF1QIfqm5ALf8tEJcO27zV1gKNKRPdhjO0dNWnrzssDQ1tFg==
