# This file is generated by running "yarn install" inside your project.
# Manual changes might be lost - proceed with caution!

__metadata:
  version: 7
  cacheKey: 9

"@babel/code-frame@npm:^7.18.6":
  version: 7.18.6
  resolution: "@babel/code-frame@npm:7.18.6"
  dependencies:
    "@babel/highlight": "npm:^7.18.6"
  checksum: eb27d165ea1c7c23e71a2a6f64225fe0ca0b2a39f5c0b57fda2a62dfa845799ca94886b08014f8fd4a711538cc6b1c89b9fc1dca6a5148893932bc03412ca848
  languageName: node
  linkType: hard

"@babel/generator@npm:^7.16.5, @babel/generator@npm:^7.20.7":
  version: 7.20.14
  resolution: "@babel/generator@npm:7.20.14"
  dependencies:
    "@babel/types": "npm:^7.20.7"
    "@jridgewell/gen-mapping": "npm:^0.3.2"
    jsesc: "npm:^2.5.1"
  checksum: e57adffa98f187d6830def154af109abff1d26901d898eec9a332fbcb194df8f34e23b7820aba0e2dbc599fc90435fcbd5e538dcd5fa6f5e57c512b075f5d3e5
  languageName: node
  linkType: hard

"@babel/helper-environment-visitor@npm:^7.18.9":
  version: 7.18.9
  resolution: "@babel/helper-environment-visitor@npm:7.18.9"
  checksum: 6a770ab046578d692f954213680f66d0764a92d608fcc121cf87c575223c44729fdebecc08550d0e18a5b22a3a72669c01de5351b6c1eff75a96b3167dbfe922
  languageName: node
  linkType: hard

"@babel/helper-function-name@npm:^7.19.0":
  version: 7.19.0
  resolution: "@babel/helper-function-name@npm:7.19.0"
  dependencies:
    "@babel/template": "npm:^7.18.10"
    "@babel/types": "npm:^7.19.0"
  checksum: 65ba2eaad08ba73238aa4f11004a7e0f1d96a57c85863d53571741944986f55f334dfd9a59a3a477daefc7d31bd72df78a78673046082d6625888d3d357d36ed
  languageName: node
  linkType: hard

"@babel/helper-hoist-variables@npm:^7.18.6":
  version: 7.18.6
  resolution: "@babel/helper-hoist-variables@npm:7.18.6"
  dependencies:
    "@babel/types": "npm:^7.18.6"
  checksum: 462ef0d14fbe6861cee3a2c2bee1eff76d31ec94230c147684d55fa65351784c4afffaa62a8a540caec659d47ef5641707cdb99ce049f1bf2995cfcccace537a
  languageName: node
  linkType: hard

"@babel/helper-split-export-declaration@npm:^7.18.6":
  version: 7.18.6
  resolution: "@babel/helper-split-export-declaration@npm:7.18.6"
  dependencies:
    "@babel/types": "npm:^7.18.6"
  checksum: a7834c5b54600542460aa278b0e988178ebe1905df856df909e4fdafffcaa05fc1688e5504a6f388ca1bc36dbdb78a56af422b4a7795876680451d86e55055b9
  languageName: node
  linkType: hard

"@babel/helper-string-parser@npm:^7.19.4":
  version: 7.19.4
  resolution: "@babel/helper-string-parser@npm:7.19.4"
  checksum: a8646931cba0c2905b683b99879f02c8a516a6c702c9f46cc02f0a8e93ef6f01540f2e7017d8288b9c039e1c3316c7858309ea3d6e39fa78bd98859b338603ee
  languageName: node
  linkType: hard

"@babel/helper-validator-identifier@npm:^7.18.6, @babel/helper-validator-identifier@npm:^7.19.1":
  version: 7.19.1
  resolution: "@babel/helper-validator-identifier@npm:7.19.1"
  checksum: 089fdf605ee8dfa3004cd84c69e655ff9ab8bdb4e7fa02bf0012db728c6247acb599ca1118d2f9124d7b417fc5793ee348f2da8bc64be230b3b13ba7cd4364cc
  languageName: node
  linkType: hard

"@babel/highlight@npm:^7.18.6":
  version: 7.18.6
  resolution: "@babel/highlight@npm:7.18.6"
  dependencies:
    "@babel/helper-validator-identifier": "npm:^7.18.6"
    chalk: "npm:^2.0.0"
    js-tokens: "npm:^4.0.0"
  checksum: b8eeb1d38327c635004b3ae946ff334bb994334a5fdd874e216e62bbe3b8f8f10c901c3795c25db7c8e49eb5a56948b9dbe38c3800c4f977016402997dacedae
  languageName: node
  linkType: hard

"@babel/parser@npm:^7.16.6, @babel/parser@npm:^7.20.13, @babel/parser@npm:^7.20.7":
  version: 7.20.13
  resolution: "@babel/parser@npm:7.20.13"
  bin:
    parser: ./bin/babel-parser.js
  checksum: 01991ec7420dbdbf323067addd205690e7e599b1ed2c5fd0b6c2a0703b2dde4819828a5dce76e60efc07340470d8471b4122daa711536c44fa2ae0b9bd8a5732
  languageName: node
  linkType: hard

"@babel/template@npm:^7.16.0, @babel/template@npm:^7.18.10":
  version: 7.20.7
  resolution: "@babel/template@npm:7.20.7"
  dependencies:
    "@babel/code-frame": "npm:^7.18.6"
    "@babel/parser": "npm:^7.20.7"
    "@babel/types": "npm:^7.20.7"
  checksum: a655fb476be89195fd0e0e89b278d0ad5edd351d7fec6e9902c9797b831895f6bcfc2b9a29de4228cdabd2904230b1db3f3ebff88aed6f3f6d4dd85db8a4d8a8
  languageName: node
  linkType: hard

"@babel/traverse@npm:^7.16.0":
  version: 7.20.13
  resolution: "@babel/traverse@npm:7.20.13"
  dependencies:
    "@babel/code-frame": "npm:^7.18.6"
    "@babel/generator": "npm:^7.20.7"
    "@babel/helper-environment-visitor": "npm:^7.18.9"
    "@babel/helper-function-name": "npm:^7.19.0"
    "@babel/helper-hoist-variables": "npm:^7.18.6"
    "@babel/helper-split-export-declaration": "npm:^7.18.6"
    "@babel/parser": "npm:^7.20.13"
    "@babel/types": "npm:^7.20.7"
    debug: "npm:^4.1.0"
    globals: "npm:^11.1.0"
  checksum: 24a867dfce429baba697763c033c5103e052348de6405dac3b5b2f0865a0ffed0b035b109d64b14257404f5a3470328d027caeeca3726eca3b85eb10a72fa727
  languageName: node
  linkType: hard

"@babel/types@npm:^7.16.0, @babel/types@npm:^7.18.6, @babel/types@npm:^7.19.0, @babel/types@npm:^7.20.7, @babel/types@npm:^7.8.3":
  version: 7.20.7
  resolution: "@babel/types@npm:7.20.7"
  dependencies:
    "@babel/helper-string-parser": "npm:^7.19.4"
    "@babel/helper-validator-identifier": "npm:^7.19.1"
    to-fast-properties: "npm:^2.0.0"
  checksum: 3457ea7eaf5d3cb20ff93c058d60983609c5963f87ac7793e2ef690934f34fadd874669d2abc4705d5953c212ed9d3cc0194618b66fa90b99ead6d2466ccce9d
  languageName: node
  linkType: hard

"@dataplan/json@npm:^0.0.1-0.6":
  version: 0.0.1-0.6
  resolution: "@dataplan/json@npm:0.0.1-0.6"
  dependencies:
    chalk: "npm:^4.1.2"
    tslib: "npm:^2.4.0"
  peerDependencies:
    grafast: ^0.0.1-0.6
    graphql: ^16.1.0-experimental-stream-defer.6
  checksum: 00c21803624099a6c915589ec0e0bd97e0e6ef4442e3b05797447b365dd84a73ba4b613ac6ef4b6a2bbbdac1880b2dfe37889470f695e6b091d51e78f797e140
  languageName: node
  linkType: hard

"@dataplan/pg@npm:0.0.1-0.9, @dataplan/pg@npm:^0.0.1-0.9":
  version: 0.0.1-0.9
  resolution: "@dataplan/pg@npm:0.0.1-0.9"
  dependencies:
    "@dataplan/json": "npm:^0.0.1-0.6"
    "@graphile/lru": "npm:^5.0.0-0.1"
    "@types/node": "npm:^16.11.15"
    chalk: "npm:^4.1.2"
    debug: "npm:^4.3.3"
    grafast: "npm:^0.0.1-0.6"
    pg-sql2: "npm:^5.0.0-0.2"
    postgres-array: "npm:~2.0.0"
    postgres-range: "npm:^1.1.1"
    tslib: "npm:^2.4.0"
  peerDependencies:
    graphql: ^16.1.0-experimental-stream-defer.6
    pg: ^8.7.1
  peerDependenciesMeta:
    pg:
      optional: true
  checksum: 98b8352f9b0cf16beb68971b5712eccff2d95ae93f3f2e11ff5618cf2ddb99056dc91283c4b309e2d94f81c1ef7859cb08c42793ecd80e62e0995f03289641a7
  languageName: node
  linkType: hard

"@graphile-contrib/pg-simplify-inflector@workspace:.":
  version: 0.0.0-use.local
  resolution: "@graphile-contrib/pg-simplify-inflector@workspace:."
  dependencies:
    "@types/node": "npm:^18.11.18"
    postgraphile: "npm:^5.0.0-0.12"
    prettier: "npm:^2.8.3"
    typescript: "npm:^4.9.5"
  languageName: unknown
  linkType: soft

"@graphile/lru@npm:^5.0.0-0.1":
  version: 5.0.0-0.1
  resolution: "@graphile/lru@npm:5.0.0-0.1"
  dependencies:
    tslib: "npm:^2.4.0"
  checksum: 650ab218319654a14953bda86ca523bd1c315944b935e1c42512be321e8b8aa515132dec520a2a13f967ac1346a3a70d6f325aa47d1a27ea0fbf0b0d03efa2a8
  languageName: node
  linkType: hard

"@jridgewell/gen-mapping@npm:^0.3.2":
  version: 0.3.2
  resolution: "@jridgewell/gen-mapping@npm:0.3.2"
  dependencies:
    "@jridgewell/set-array": "npm:^1.0.1"
    "@jridgewell/sourcemap-codec": "npm:^1.4.10"
    "@jridgewell/trace-mapping": "npm:^0.3.9"
  checksum: b2c9c60a0de99e3cb296a90ef949c422537dce3c39f2b9c0451549a4b0eaecd58290c0e1ddc75538f38073dd477b728dedf3493f25c253946fcd52b0af06e561
  languageName: node
  linkType: hard

"@jridgewell/resolve-uri@npm:3.1.0":
  version: 3.1.0
  resolution: "@jridgewell/resolve-uri@npm:3.1.0"
  checksum: 6b641bb7e25bc92a9848898cc91a77a390f393f086297ec2336d911387bdd708919c418e74a22732cfc21d0e7300b94306f437d2e9de5ab58b33ebc6c39d6f9d
  languageName: node
  linkType: hard

"@jridgewell/set-array@npm:^1.0.1":
  version: 1.1.2
  resolution: "@jridgewell/set-array@npm:1.1.2"
  checksum: e7e3f00d10622a6e48cc59041537f99972ed110dca8bfdf575be101c5920d4e4d4fab315d601df9aebbd6b97f4ce857f0347902701ed034a0627ca554b64db0f
  languageName: node
  linkType: hard

"@jridgewell/sourcemap-codec@npm:1.4.14, @jridgewell/sourcemap-codec@npm:^1.4.10":
  version: 1.4.14
  resolution: "@jridgewell/sourcemap-codec@npm:1.4.14"
  checksum: 2147ea75c966fed8a7d9ed6679b7e8c380fa790a9bea5a64f4ec1c26d24e44b461aa60fc3b228cea03a46708d9d1bcf19508035bf27ad5e8f63d0998ed1d1117
  languageName: node
  linkType: hard

"@jridgewell/trace-mapping@npm:^0.3.9":
  version: 0.3.17
  resolution: "@jridgewell/trace-mapping@npm:0.3.17"
  dependencies:
    "@jridgewell/resolve-uri": "npm:3.1.0"
    "@jridgewell/sourcemap-codec": "npm:1.4.14"
  checksum: 388a2f604c1159dd29fdf3077c2a21fd2d322145f24cade868c0a7c55cfc993f3af82dd2e979438d9f06148c38af780abc7c0aa2eddbb34fab41698bb86d82e1
  languageName: node
  linkType: hard

"@types/interpret@npm:^1.1.1":
  version: 1.1.1
  resolution: "@types/interpret@npm:1.1.1"
  dependencies:
    "@types/node": "npm:*"
  checksum: 73e906305d3321710328340027f41302ea1d1d8e5005b615d8e660549d57277d61e12aa0feb252cfb5c6d2103554b55c38d2cd6f24c146df005bbf0b5c4b112d
  languageName: node
  linkType: hard

"@types/node@npm:*":
  version: 15.12.5
  resolution: "@types/node@npm:15.12.5"
  checksum: b191710b73e2740afcbab8b599d93eb1683788553fefa7e131f645ba9946d383de4eca6a8c949aaa238f3dc7874615e20a574b89f60cd405b9b8f7342c9f75b6
  languageName: node
  linkType: hard

"@types/node@npm:^16.11.15":
  version: 16.18.11
  resolution: "@types/node@npm:16.18.11"
  checksum: 2486af67a607a0ba24ea3a1a50dacd9414f1b6ce62bf683859e054a803270ddee359f47d5c965954b43bd20d9022292616a3944ffbfe7169cbd2fda9fcc3648b
  languageName: node
  linkType: hard

"@types/node@npm:^18.11.18":
  version: 18.11.18
  resolution: "@types/node@npm:18.11.18"
  checksum: bd39552701928d4a1613bc46adf8b65f8212064c2b5475a67161b6c4cef21ddb0a5c2ba062673213f8f5301ef6e171241a9e274a9b59c9fc1f5e2b69764740eb
  languageName: node
  linkType: hard

"@types/pg@npm:^8.6.2":
  version: 8.6.6
  resolution: "@types/pg@npm:8.6.6"
  dependencies:
    "@types/node": "npm:*"
    pg-protocol: "npm:*"
    pg-types: "npm:^2.2.0"
  checksum: 10962da43d9892c3233460716d4b45fc76f28241c849f1316b54b7705a90022075c6e951a52637c63b70d5e64ba4d85054250f1f0ca8cb2a1bae6b251fee2ab7
  languageName: node
  linkType: hard

"@types/pluralize@npm:^0.0.29":
  version: 0.0.29
  resolution: "@types/pluralize@npm:0.0.29"
  checksum: 675726bcf01265596df3cf20d9484992fa482d16fcdaa4c17d8d82d7eae7dde5e60021b88262048e662609227b51fbab13be78ea71f5d1bec08306d777e826c4
  languageName: node
  linkType: hard

"@types/semver@npm:^7.3.9":
  version: 7.3.13
  resolution: "@types/semver@npm:7.3.13"
  checksum: a76156ff60ddbd17bf2120c09dca3cd8ac7db4f8d8c69614a9ebc5202f05d1044def7fd8cf77415f7284ea8edfa1092b6e04dac07dc17c94762904c69dd2c85b
  languageName: node
  linkType: hard

"ansi-regex@npm:^5.0.1":
  version: 5.0.1
  resolution: "ansi-regex@npm:5.0.1"
  checksum: 627f94ee7fcc5e03186646ebd11ca2ccd954f3cb48fc6a3f42883db6bbf3df5dfba06d62647b2f72c975349fc072c5c44808b7da26d08a9313a7f304acda2efb
  languageName: node
  linkType: hard

"ansi-styles@npm:^3.2.1":
  version: 3.2.1
  resolution: "ansi-styles@npm:3.2.1"
  dependencies:
    color-convert: "npm:^1.9.0"
  checksum: 88847a8969fcf787779a2cd03e73cd85ac45cbccace293e1227445dd6452cdf11df752c5f9afdb47343439762b96ae7baad1caf848360576d60be5e92f6842ab
  languageName: node
  linkType: hard

"ansi-styles@npm:^4.0.0, ansi-styles@npm:^4.1.0":
  version: 4.3.0
  resolution: "ansi-styles@npm:4.3.0"
  dependencies:
    color-convert: "npm:^2.0.1"
  checksum: d15dab617b78cbc96f10016e929e921ad73695753de4e45a911ecee6e29aa45c71d58f1ffaf8e49889dbe726dbdb2bbe5b4e3a7bf1c517f8740ae83a29b7df25
  languageName: node
  linkType: hard

"buffer-equal-constant-time@npm:1.0.1":
  version: 1.0.1
  resolution: "buffer-equal-constant-time@npm:1.0.1"
  checksum: a332947bb8535207d934b3a3f94528669631dc590bed11041f067c4b6400eb96fbf7a2a14a43a88d0ba96af45c35b5f74101e3e42292c40eb57044cff57101dc
  languageName: node
  linkType: hard

"buffer-writer@npm:2.0.0":
  version: 2.0.0
  resolution: "buffer-writer@npm:2.0.0"
  checksum: b8657f4ddafb0803fa5459282fb478c8d72dcde200e690b491f6d23b6247918c0eb17421eb18258765a12a95d7b65213475aebb6c87c7a3df14c064b534e1ead
  languageName: node
  linkType: hard

"chalk@npm:^2.0.0":
  version: 2.4.2
  resolution: "chalk@npm:2.4.2"
  dependencies:
    ansi-styles: "npm:^3.2.1"
    escape-string-regexp: "npm:^1.0.5"
    supports-color: "npm:^5.3.0"
  checksum: befd2fe888067cfc8ceac2e7a6a62ee763b26112479dce4ee396981288fa21d5cdf3cc1b45692c94c7c6dc3638c4dc3ee6ec1c794efdf42b02e02f93039285ec
  languageName: node
  linkType: hard

"chalk@npm:^4.1.2":
  version: 4.1.2
  resolution: "chalk@npm:4.1.2"
  dependencies:
    ansi-styles: "npm:^4.1.0"
    supports-color: "npm:^7.1.0"
  checksum: cb96ab47eb1b55525e72caac9eed1513bff28e686df7eee6b04379c80922df21c8283d9938af16a645826c94c9e19fb52ad63cbead6b5073d08ae5f8fa2661a2
  languageName: node
  linkType: hard

"cliui@npm:^8.0.1":
  version: 8.0.1
  resolution: "cliui@npm:8.0.1"
  dependencies:
    string-width: "npm:^4.2.0"
    strip-ansi: "npm:^6.0.1"
    wrap-ansi: "npm:^7.0.0"
  checksum: 4db0fc81f3dbd46b65840a739a43ce83a69e58d7da5ae701948fbfc14c25d82a02dd3a3dbed5a20828000e93b4bf2217b181a0a089d580af5daf9452e9c9eab3
  languageName: node
  linkType: hard

"color-convert@npm:^1.9.0":
  version: 1.9.3
  resolution: "color-convert@npm:1.9.3"
  dependencies:
    color-name: "npm:1.1.3"
  checksum: 42f852d574dc58609bba286cd7d10a407e213e20515c0d5d1dd8059b3d4373cd76d1057c3a242f441f2dfc6667badeb790a792662082c8038889c9235f4cd9fa
  languageName: node
  linkType: hard

"color-convert@npm:^2.0.1":
  version: 2.0.1
  resolution: "color-convert@npm:2.0.1"
  dependencies:
    color-name: "npm:~1.1.4"
  checksum: bf4d19d12621eae71a531e5b977f46717b15e0d3253f25790f5779b7577124e4d9c4597df05cee79e8f8e8fc14add04e738a659ee4336ee0cc5587ebc3c602e7
  languageName: node
  linkType: hard

"color-name@npm:1.1.3":
  version: 1.1.3
  resolution: "color-name@npm:1.1.3"
  checksum: b7313c98fd745336a5e1d64921591bcd60e4e0b3894afb56286a4793c4fd304d4a38b00b514845381215ca5ed2994be05d2e1a5a80860b996d26f5f285c77dda
  languageName: node
  linkType: hard

"color-name@npm:~1.1.4":
  version: 1.1.4
  resolution: "color-name@npm:1.1.4"
  checksum: 80acf64638343898f5b36825f4c9715ced380e738400b308f3f90ca2327f2f98f0c2cfb1f1a6447f267a2e1d1ea2214f26e948d8acab547e5478e2b0816c7c30
  languageName: node
  linkType: hard

"debug@npm:^4.1.0, debug@npm:^4.3.3":
  version: 4.3.4
  resolution: "debug@npm:4.3.4"
  dependencies:
    ms: "npm:2.1.2"
  peerDependenciesMeta:
    supports-color:
      optional: true
  checksum: ab50d98b6f2a0e803379e8f789017f4215efd0e085774623e462c691e9f99bfd359a35f7424ff401da3ea58b31f89ceebc9ea35779b4a94f78b0ee3e235b6640
  languageName: node
  linkType: hard

"debug@npm:^4.1.1":
  version: 4.3.1
  resolution: "debug@npm:4.3.1"
  dependencies:
    ms: "npm:2.1.2"
  peerDependenciesMeta:
    supports-color:
      optional: true
  checksum: 076d8773a42eefdea759c706bc22ca3b114d371204c86d21c5e5598cfaacf56b139a373d0ed22aadbc186674421aa1f6873f224360c85c662e0975c6bec5bd39
  languageName: node
  linkType: hard

"ecdsa-sig-formatter@npm:1.0.11":
  version: 1.0.11
  resolution: "ecdsa-sig-formatter@npm:1.0.11"
  dependencies:
    safe-buffer: "npm:^5.0.1"
  checksum: 71a935b306ac9b3ad23233e629f78bea91f4272a0a89d1508b1dfc0bfa2cc6388d10d835ce410b861119497a29bc97bd1ab89fc7b65a3d97fdb15205fac94161
  languageName: node
  linkType: hard

"emoji-regex@npm:^8.0.0":
  version: 8.0.0
  resolution: "emoji-regex@npm:8.0.0"
  checksum: 0b84c9059a3f051e3da79112ee450f22bc8466dde2a7e09a0b1fc4eff3b98183596e6e2704d5356266851e2a013d95467421eb81c36408fbab1aeb3fc5e4764f
  languageName: node
  linkType: hard

"escalade@npm:^3.1.1":
  version: 3.1.1
  resolution: "escalade@npm:3.1.1"
  checksum: 37f3535f99193a5ff755af30866bb55828aff044bdc14e1844d0965470ba87ef686761fbbf2cea02955f1bb8510f72c3308e7dbe2d794fa85058a33bf60ea372
  languageName: node
  linkType: hard

"escape-string-regexp@npm:^1.0.5":
  version: 1.0.5
  resolution: "escape-string-regexp@npm:1.0.5"
  checksum: 14d2c74a990b4a0ae55f299409693533a620402a6efa02b201d7e2ea60c71a516c36ccfcaf2aa604262eec6c4628bf8b9647e211fb179277cb479bd870c906fa
  languageName: node
  linkType: hard

"eventemitter3@npm:^4.0.0, eventemitter3@npm:^4.0.7":
  version: 4.0.7
  resolution: "eventemitter3@npm:4.0.7"
  checksum: e6ecb1ac2fee59b0ba0e778564cec0a1fe0631f28a50f24aa0e7ba367e718c5f9b23156fb2c1d238bcebe7923dfff37a63c39b519121a47c7bf78c38c96febd8
  languageName: node
  linkType: hard

"follow-redirects@npm:^1.0.0":
  version: 1.15.2
  resolution: "follow-redirects@npm:1.15.2"
  peerDependenciesMeta:
    debug:
      optional: true
  checksum: 930171f8b81bf00e9368df4b17f3b835934762d51192632af53a51a8a608d5510a1ffbc6da5761dce9996cdbd750740490ca844320e5ff11cdaf2329a5a69647
  languageName: node
  linkType: hard

"get-caller-file@npm:^2.0.5":
  version: 2.0.5
  resolution: "get-caller-file@npm:2.0.5"
  checksum: 24c1eb494b27c789e9267d7220bb131e409427b793f9e2b07f772f8d84c44eb0b42b90c258d858ee758ec6a21092c16a1c78c5fac02c0df7c156bb7113307192
  languageName: node
  linkType: hard

"globals@npm:^11.1.0":
  version: 11.12.0
  resolution: "globals@npm:11.12.0"
  checksum: f404eda4b8f32fb5c1a72edf45123ac85a3ec6441f746ec98f7e77fdea8b0bfa580d3cf9b5f8a1977fa6cbbb10b349212c8b699be414491d08f313d3e6dfe6d9
  languageName: node
  linkType: hard

"grafast@npm:^0.0.1-0.6":
  version: 0.0.1-0.6
  resolution: "grafast@npm:0.0.1-0.6"
  dependencies:
    "@graphile/lru": "npm:^5.0.0-0.1"
    debug: "npm:^4.3.3"
    tamedevil: "npm:^0.0.0-0.2"
  peerDependencies:
    "@envelop/core": ^3.0.4
    graphile-config: ^0.0.1-0.2
    graphql: ^16.1.0-experimental-stream-defer.6
  peerDependenciesMeta:
    "@envelop/core":
      optional: true
    graphile-config:
      optional: true
  checksum: 051586613ba8c69d23c2501814fcbfbad12c4f114f928a21b1b74e6f9016f9c122d64842e3e6c2dfa6c623ef766ed9e7c006f07a2edea15d111289cc913d33b6
  languageName: node
  linkType: hard

"grafserv@npm:^0.0.1-0.8":
  version: 0.0.1-0.8
  resolution: "grafserv@npm:0.0.1-0.8"
  dependencies:
    "@graphile/lru": "npm:^5.0.0-0.1"
    debug: "npm:^4.1.1"
    eventemitter3: "npm:^4.0.7"
    graphile-config: "npm:^0.0.1-0.2"
    ruru: "npm:^2.0.0-0.5"
    tslib: "npm:^2.4.0"
  peerDependencies:
    grafast: ^0.0.1-0.6
    graphql: ^16.1.0-experimental-stream-defer.6
  checksum: 273a9c81df84f8961379140b9ac683fa16872b0a977d52de63fb2185427e8fda2663005e90f4f8b1224750338b8d11a005b1b227191ca7de9141d2088bf87a06
  languageName: node
  linkType: hard

"graphile-build-pg@npm:5.0.0-0.10":
  version: 5.0.0-0.10
  resolution: "graphile-build-pg@npm:5.0.0-0.10"
  dependencies:
    "@dataplan/pg": "npm:^0.0.1-0.9"
    "@types/node": "npm:^16.11.15"
    debug: "npm:^4.3.3"
    grafast: "npm:^0.0.1-0.6"
    graphile-build: "npm:5.0.0-0.7"
    graphile-config: "npm:^0.0.1-0.2"
    graphile-export: "npm:^0.0.2-0.4"
    jsonwebtoken: "npm:^8.5.1"
    pg-introspection: "npm:^0.0.1-0.1"
    pg-sql2: "npm:^5.0.0-0.2"
    tamedevil: "npm:^0.0.0-0.2"
    tslib: "npm:^2.4.0"
  checksum: 4ccd67937012883a9c0c081ca6dd071e3a64abbfea0070d05275e5e0d652721f3344bae71ef0134a84e9934dcc6f6badc54e6c363d94865e88428483d7e785c4
  languageName: node
  linkType: hard

"graphile-build@npm:5.0.0-0.7":
  version: 5.0.0-0.7
  resolution: "graphile-build@npm:5.0.0-0.7"
  dependencies:
    "@types/node": "npm:^16.11.15"
    "@types/pluralize": "npm:^0.0.29"
    "@types/semver": "npm:^7.3.9"
    chalk: "npm:^4.1.2"
    debug: "npm:^4.3.3"
    grafast: "npm:^0.0.1-0.6"
    graphile-config: "npm:^0.0.1-0.2"
    graphile-export: "npm:^0.0.2-0.4"
    lodash: "npm:^4.17.21"
    pluralize: "npm:^7.0.0"
    semver: "npm:^7.3.5"
    tslib: "npm:^2.4.0"
  peerDependencies:
    graphql: ^16.1.0-experimental-stream-defer.6
  checksum: 7b64a88b4dbf331da9b4c1c920765bc023f165fe8825fd5005a509945b6472915106a50892b6ca30d8adb6fdd437044d28cab7ca982bc26dce04c22d591186ac
  languageName: node
  linkType: hard

"graphile-config@npm:^0.0.1-0.2":
  version: 0.0.1-0.2
  resolution: "graphile-config@npm:0.0.1-0.2"
  dependencies:
    "@types/interpret": "npm:^1.1.1"
    "@types/node": "npm:^16.11.15"
    "@types/semver": "npm:^7.3.9"
    chalk: "npm:^4.1.2"
    debug: "npm:^4.3.3"
    interpret: "npm:^2.2.0"
    semver: "npm:^7.3.5"
    tslib: "npm:^2.4.0"
    yargs: "npm:^17.4.1"
  checksum: 0b44843178608a34e989c969f3aeebc1a4560426b1383feb41bc6a8b6ae7ee86dbd432c4dec0c92b432823ea0236a3454494a1ea2829ef81153b549e060c4f10
  languageName: node
  linkType: hard

"graphile-export@npm:^0.0.2-0.4":
  version: 0.0.2-0.4
  resolution: "graphile-export@npm:0.0.2-0.4"
  dependencies:
    "@babel/generator": "npm:^7.16.5"
    "@babel/parser": "npm:^7.16.6"
    "@babel/template": "npm:^7.16.0"
    "@babel/traverse": "npm:^7.16.0"
    "@babel/types": "npm:^7.16.0"
    "@types/node": "npm:^16.11.15"
    prettier: "npm:^2.5.1"
    tslib: "npm:^2.4.0"
  peerDependencies:
    grafast: ^0.0.1-0.4
    graphql: ^16.1.0-experimental-stream-defer.6
    pg-sql2: ^5.0.0-0.0
  checksum: 8539f619eeb49db6661ae3056be14a439b502059fdec6a2144c5c0aeaaf499ecc3c3fa43840a4f7f613f8a9adbe9a42f5d67ac1b890c248092d55f39d9b3cabe
  languageName: node
  linkType: hard

"graphql@npm:16.1.0-experimental-stream-defer.6":
  version: 16.1.0-experimental-stream-defer.6
  resolution: "graphql@npm:16.1.0-experimental-stream-defer.6"
  checksum: 8e280798cf5738f2013c30891fd4f720d5e0fa1b074061176597af95db7779bc435d981fd7da31b89c10c84b35ce9b3377e2f7891be62d63386bebcf45f3c2d9
  languageName: node
  linkType: hard

"has-flag@npm:^3.0.0":
  version: 3.0.0
  resolution: "has-flag@npm:3.0.0"
  checksum: b1cb757b71bca736b4f7a060d52a7914b1438d7bd7ba3cb783f71728c7a72d51520955d477d54fce75e19a859d93fadc9b707de019c141c45f2e560c48beb1f9
  languageName: node
  linkType: hard

"has-flag@npm:^4.0.0":
  version: 4.0.0
  resolution: "has-flag@npm:4.0.0"
  checksum: 71f182c441adda71ea3014dec578691a9d74356dd57c238fb2fc88247a94ca10892fe307cda0eb608b91f982d7da34aa2e46f763c4449351dedac26a0493e591
  languageName: node
  linkType: hard

"http-proxy@npm:^1.18.1":
  version: 1.18.1
  resolution: "http-proxy@npm:1.18.1"
  dependencies:
    eventemitter3: "npm:^4.0.0"
    follow-redirects: "npm:^1.0.0"
    requires-port: "npm:^1.0.0"
  checksum: 5d681e4231e3de09359e6fb14c2cc3fb79536b4b465cb0c2af4616e6754af0a6f1e33baccd83038f39a377dbb1e0b16b02c3a41458685e1754e3611b6dd10d64
  languageName: node
  linkType: hard

"inherits@npm:^2.0.3":
  version: 2.0.4
  resolution: "inherits@npm:2.0.4"
  checksum: ca76c7e45ec715bfe6c1dd67b780b9a15068f37b37ab56cf8b773537b2654238469a42950f5f4d301212755e7512be888f627752e778e1863d95cfedefc8b8bd
  languageName: node
  linkType: hard

"interpret@npm:^2.2.0":
  version: 2.2.0
  resolution: "interpret@npm:2.2.0"
  checksum: 1451c590e83ef48d423df24f0ecb303fad014a748957e607d7e215bcfe24e5f5ba8c3eb7a006bbff74cb3952fc1be3925ab4f925e4a166edb799ba247db2b88e
  languageName: node
  linkType: hard

"is-fullwidth-code-point@npm:^3.0.0":
  version: 3.0.0
  resolution: "is-fullwidth-code-point@npm:3.0.0"
  checksum: c06b5792b82dcdedb41858cdb07ca4ae5b9a853ad65c91529533221f384d751bedd8ad8db5a527cb219fd989c32a0faa0833312b6a190fe597acdd23165ef724
  languageName: node
  linkType: hard

"iterall@npm:^1.3.0":
  version: 1.3.0
  resolution: "iterall@npm:1.3.0"
  checksum: 4e49cae82d50a04258b50080aa85b9e590704b420c1aa529a7eb492264b1550e1a06ece4faecae995719b72b511651692a9f38b2950fcdd23320e703c61cc345
  languageName: node
  linkType: hard

"js-tokens@npm:^4.0.0":
  version: 4.0.0
  resolution: "js-tokens@npm:4.0.0"
  checksum: 47d1c18dc6b9eed4baf1db3d81b36feb95b463201c82ffce0d7a4d65ede596ba97d6ac2468974199705db9ef8a3433606af41fc7bbe7cb25c1dd601785413d9b
  languageName: node
  linkType: hard

"jsesc@npm:^2.5.1":
  version: 2.5.2
  resolution: "jsesc@npm:2.5.2"
  bin:
    jsesc: bin/jsesc
  checksum: 145808bbe202187ed901a7c41d1ca88386fba41da2fc56f8e450ac07a240cc7fdb4828a6a7b7e4773931c0cee8eb938523215b3d2d2ab568ac4640d7abceaef6
  languageName: node
  linkType: hard

"jsonwebtoken@npm:^8.5.1":
  version: 8.5.1
  resolution: "jsonwebtoken@npm:8.5.1"
  dependencies:
    jws: "npm:^3.2.2"
    lodash.includes: "npm:^4.3.0"
    lodash.isboolean: "npm:^3.0.3"
    lodash.isinteger: "npm:^4.0.4"
    lodash.isnumber: "npm:^3.0.3"
    lodash.isplainobject: "npm:^4.0.6"
    lodash.isstring: "npm:^4.0.1"
    lodash.once: "npm:^4.0.0"
    ms: "npm:^2.1.1"
    semver: "npm:^5.6.0"
  checksum: 64198d5b0b69fce8e2c73e66b8d7923e177e960675333db349be16509d6f1549567568c5816c890ae10686cdd061035ba833221d35395d572b7947c0d3039b1c
  languageName: node
  linkType: hard

"jwa@npm:^1.4.1":
  version: 1.4.1
  resolution: "jwa@npm:1.4.1"
  dependencies:
    buffer-equal-constant-time: "npm:1.0.1"
    ecdsa-sig-formatter: "npm:1.0.11"
    safe-buffer: "npm:^5.0.1"
  checksum: 0cc3e68b687dcfb5a3a53ea5f958a25865d8405acceffe0817af2f69c651a09a4870fc36de174dbf828ce3a6b9cce60d1afa44633f79f352418dabe9e845e7b6
  languageName: node
  linkType: hard

"jws@npm:^3.2.2":
  version: 3.2.2
  resolution: "jws@npm:3.2.2"
  dependencies:
    jwa: "npm:^1.4.1"
    safe-buffer: "npm:^5.0.1"
  checksum: 347ed7c334c5b67e3c3a3d0de5053278f5004c342420e880321a9ff8fc7d731e95be969529984cd140a34fe48c7a46c0287faf8e15414b61d96b1d922f7dcce3
  languageName: node
  linkType: hard

"lodash.includes@npm:^4.3.0":
  version: 4.3.0
  resolution: "lodash.includes@npm:4.3.0"
  checksum: 08a7ef2e255bff741d8590ba415964d489aac58cce10836b9b48251654b4ef74cbaad89f288fb40dda06439ce9b3c1dffc15056878b90f4c8db3a83f0dd8b20c
  languageName: node
  linkType: hard

"lodash.isboolean@npm:^3.0.3":
  version: 3.0.3
  resolution: "lodash.isboolean@npm:3.0.3"
  checksum: bace740c7ae1862d07012dc7bc4c095906ff9d28f85037dc00d3dd838cf9551aa8d5c4113f2e9214f36327fedd1a0c8e8258f91e1e3c0013ecf4299906cc3dbc
  languageName: node
  linkType: hard

"lodash.isinteger@npm:^4.0.4":
  version: 4.0.4
  resolution: "lodash.isinteger@npm:4.0.4"
  checksum: 937ccd87588799b0b534c619f87d5a1490a7194adcf345e57360bd72c6d06d7d4ed02cb880edfa1233906708da2db89f3a0da3ac4e85ee98834d6b291b8c1149
  languageName: node
  linkType: hard

"lodash.isnumber@npm:^3.0.3":
  version: 3.0.3
  resolution: "lodash.isnumber@npm:3.0.3"
  checksum: 0627047d8f9ea8eac559feff8e53d3d5484a4993b1938c960eb619b6fc15d69f15eff41eed2fdb67c2858d6f4893b477bf3eb5e51e8729c00b02f94ee282d169
  languageName: node
  linkType: hard

"lodash.isplainobject@npm:^4.0.6":
  version: 4.0.6
  resolution: "lodash.isplainobject@npm:4.0.6"
  checksum: fd98cdf396efd994340f99a968553f6d37ca5a0e6bcf1e6cbe5953c1ef2ad04dca0503d6979f38938aad0d865940fdfddda85cbc365850d114187afac29f8d04
  languageName: node
  linkType: hard

"lodash.isstring@npm:^4.0.1":
  version: 4.0.1
  resolution: "lodash.isstring@npm:4.0.1"
  checksum: a0d31496f50ce6eac84b20d0892023948fdfccc9f7d9baac1d9b25d8ad6f1b90adf0d3d14618b0a2c8b6317d7d05ef0f24d24156e8f1adc489b57dfa0280d66c
  languageName: node
  linkType: hard

"lodash.once@npm:^4.0.0":
  version: 4.1.1
  resolution: "lodash.once@npm:4.1.1"
  checksum: 210c440af77b8f34fa8c7a559b4e7de9b9baef1c9d2fc1e9eae1440034cf0030eca115e81abf164ce6039e4872e0b4b5ade7729394e93aa7545094fc46ea2a29
  languageName: node
  linkType: hard

"lodash@npm:^4.17.21":
  version: 4.17.21
  resolution: "lodash@npm:4.17.21"
  checksum: 3ac18e92108d68f88429fcddee609e42cf2b653583d9bac22308815a4cd6b185b89a0ad0d9b0c670c371d9d6b61571a98fee6b36e1db14e52766ca253ed9cba0
  languageName: node
  linkType: hard

"lru-cache@npm:^6.0.0":
  version: 6.0.0
  resolution: "lru-cache@npm:6.0.0"
  dependencies:
    yallist: "npm:^4.0.0"
  checksum: b2d72088dd27df27189607554990b0fd31d3fbd4037df909ef66f48a14122baf8ffce7f33edc17e6543ea7cd71fa561136518355dde2ad57676fa0b2ea53b85f
  languageName: node
  linkType: hard

"ms@npm:2.1.2":
  version: 2.1.2
  resolution: "ms@npm:2.1.2"
  checksum: 3f46af60a08158f1c77746c06c2f6c7aba7feddafd41335f9baa2d7e0741d7539774aa7d5d1661a7f2b7eed55a7063771297eea016051924dbb04d4c2bf40bcb
  languageName: node
  linkType: hard

"ms@npm:^2.1.1":
  version: 2.1.3
  resolution: "ms@npm:2.1.3"
  checksum: 78c12f6b473a022ebacc393fc14b76fe40b8feda7218124b86c4684e440e10377a063bec1d3902df1f74714f02b74b36ad7d3a6de9e2fbffa26fc29e5ce018fc
  languageName: node
  linkType: hard

"packet-reader@npm:1.0.0":
  version: 1.0.0
  resolution: "packet-reader@npm:1.0.0"
  checksum: 47e38c5b952cf3096c6625db4d655bbf484a267f46d941566079dad556b580047fe0a668b103013d16171e93b2025382cb3ffd4203c18a3a4532cc34d49a5dde
  languageName: node
  linkType: hard

"pg-connection-string@npm:^2.5.0":
  version: 2.5.0
  resolution: "pg-connection-string@npm:2.5.0"
  checksum: 3a751060f9517ccc1484b42439cfd4ef758273a0954d41d71e15b5a671845ab4706b82de1a9181f2f858369ec362638f741dbea415c85d530845b634e10f1069
  languageName: node
  linkType: hard

"pg-int8@npm:1.0.1":
  version: 1.0.1
  resolution: "pg-int8@npm:1.0.1"
  checksum: 14d707f7b2274737e2976f531994fa72d46cef0bce62104d087d4e6ef1e2d0759076c83de7e7dd0c659c6bc179acb714cc16a9e88a0a005a61e36fc2f02b1f8d
  languageName: node
  linkType: hard

"pg-introspection@npm:^0.0.1-0.1":
  version: 0.0.1-0.1
  resolution: "pg-introspection@npm:0.0.1-0.1"
  dependencies:
    tslib: "npm:^2.4.0"
  checksum: eb13a2dac39fa1b0f336a2c1e3c9ba0dff132066d8805d3199811f90e14b91010743c6c5dfc1c697441099ec1469eccf5b62cf434f3533892606397ef570e029
  languageName: node
  linkType: hard

"pg-pool@npm:^3.5.2":
  version: 3.5.2
  resolution: "pg-pool@npm:3.5.2"
  peerDependencies:
    pg: ">=8.0"
  checksum: 6fd6f417451b7a6ea288ad276316652dd72822cb99ab3a0555eeb9a6d178d334c0ac83a90fd51393685b3a81502186dd0cfb96be0a3ae3c0668f1453f603038b
  languageName: node
  linkType: hard

"pg-protocol@npm:*":
  version: 1.5.0
  resolution: "pg-protocol@npm:1.5.0"
  checksum: dc16e2408fbe1bbd4c46018a12695f8fc2261fc43a877f7db160bae1c64aad8a1b607813f5ef3cea862b6698e48b581ac4d8475d7dd5800fbb648a9336b8c56a
  languageName: node
  linkType: hard

"pg-protocol@npm:^1.6.0":
  version: 1.6.0
  resolution: "pg-protocol@npm:1.6.0"
  checksum: 0a1540287c0927a3cebffed2f3d5d1b37cafe02d5a61e631e4c92457720daa9c3794a9afa6d4262e198e9a6a2f54aca12bb82d6b8a9ba7352c16bcbe25852652
  languageName: node
  linkType: hard

"pg-sql2@npm:^5.0.0-0.2":
  version: 5.0.0-0.2
  resolution: "pg-sql2@npm:5.0.0-0.2"
  dependencies:
    "@graphile/lru": "npm:^5.0.0-0.1"
    tslib: "npm:^2.4.0"
  checksum: 588e1aae62971e463abc990ce23874fd75c758cd7e6c11edd0449affc98ea5feb9ce4b784e41f252880a62404afc8bd880f3eae82d96ebade293e7a5135222cb
  languageName: node
  linkType: hard

"pg-types@npm:^2.1.0, pg-types@npm:^2.2.0":
  version: 2.2.0
  resolution: "pg-types@npm:2.2.0"
  dependencies:
    pg-int8: "npm:1.0.1"
    postgres-array: "npm:~2.0.0"
    postgres-bytea: "npm:~1.0.0"
    postgres-date: "npm:~1.0.4"
    postgres-interval: "npm:^1.1.0"
  checksum: ea3a80075a6afced377c84e21a3e74c061f6c9531596323a465d1a30c9073921f8e2a4272f94a0a5d1da942ad99bd69ddcb4bc1506bf51c3809701dfddd72d6d
  languageName: node
  linkType: hard

"pg@npm:^8.7.1":
  version: 8.9.0
  resolution: "pg@npm:8.9.0"
  dependencies:
    buffer-writer: "npm:2.0.0"
    packet-reader: "npm:1.0.0"
    pg-connection-string: "npm:^2.5.0"
    pg-pool: "npm:^3.5.2"
    pg-protocol: "npm:^1.6.0"
    pg-types: "npm:^2.1.0"
    pgpass: "npm:1.x"
  peerDependencies:
    pg-native: ">=3.0.1"
  peerDependenciesMeta:
    pg-native:
      optional: true
  checksum: 14208bbd353b4283dc935bb881ee537dc836e5d4b06f074b99d3f568db730c42b530e2ecc68cb7f5878edc73bbeb209fa05dbb1654fa93eee3e540c071334b75
  languageName: node
  linkType: hard

"pgpass@npm:1.x":
  version: 1.0.4
  resolution: "pgpass@npm:1.0.4"
  dependencies:
    split2: "npm:^3.1.1"
  checksum: a95251f8f233521337818b7ff31c4076551a3fabda140d1eabc2b6b42496c3e1d396c8007a0e59c507f28354088c948c66cf770e1e58b2f0c0bef5b2f0f328f8
  languageName: node
  linkType: hard

"pluralize@npm:^7.0.0":
  version: 7.0.0
  resolution: "pluralize@npm:7.0.0"
  checksum: 710957793befe93d49bd288b236a1ad428ad037b9e1608d0358207cdf82b053d12d1dc353722680c9d02695a57b5a73f63a624f98ce51d483de2dacf072ec333
  languageName: node
  linkType: hard

"postgraphile@npm:^5.0.0-0.12":
  version: 5.0.0-0.12
  resolution: "postgraphile@npm:5.0.0-0.12"
  dependencies:
    "@dataplan/pg": "npm:0.0.1-0.9"
    "@graphile/lru": "npm:^5.0.0-0.1"
    "@types/node": "npm:^16.11.15"
    "@types/pg": "npm:^8.6.2"
    debug: "npm:^4.3.3"
    grafast: "npm:^0.0.1-0.6"
    grafserv: "npm:^0.0.1-0.8"
    graphile-build: "npm:5.0.0-0.7"
    graphile-build-pg: "npm:5.0.0-0.10"
    graphile-config: "npm:^0.0.1-0.2"
    graphile-export: "npm:^0.0.2-0.4"
    graphql: "npm:16.1.0-experimental-stream-defer.6"
    iterall: "npm:^1.3.0"
    jsonwebtoken: "npm:^8.5.1"
    pg: "npm:^8.7.1"
    pg-introspection: "npm:^0.0.1-0.1"
    ruru: "npm:^2.0.0-0.5"
    tslib: "npm:^2.4.0"
  bin:
    postgraphile: dist/cli-run.js
  checksum: b72d8097e7c61be865d5d604c4f668a47048897c8f85c8890689d3581dfb40827ae0fdbe9329864753e2844df82ff6c9a04d90701d573eefccdc05502204d4a1
  languageName: node
  linkType: hard

"postgres-array@npm:~2.0.0":
  version: 2.0.0
  resolution: "postgres-array@npm:2.0.0"
  checksum: b8333121aa88ba002398a8c350a8109626b3fcbc18e26841f4a0394bccc89d07a061f50207bb1ed21cb1993e24f2c2b830555e336507a4b2a43c6463e27179d9
  languageName: node
  linkType: hard

"postgres-bytea@npm:~1.0.0":
  version: 1.0.0
  resolution: "postgres-bytea@npm:1.0.0"
  checksum: ee1de514befe320a2707d0c386fc8f88b2ab4b9a8ad8f76eec1d6cf5c0c49ac37e7f0ee66ad9b726d7df0f7c57c9a3a5e3631bd71d57356b61eeeea987ec6591
  languageName: node
  linkType: hard

"postgres-date@npm:~1.0.4":
  version: 1.0.7
  resolution: "postgres-date@npm:1.0.7"
  checksum: ff805074d6327f9b233cf19982247006201178484f600afa6ed6f352ddc98bc43d01cecfbe5f62637726870b554617480b1a4ba13abab8237320206e9f00bb03
  languageName: node
  linkType: hard

"postgres-interval@npm:^1.1.0":
  version: 1.2.0
  resolution: "postgres-interval@npm:1.2.0"
  dependencies:
    xtend: "npm:^4.0.0"
  checksum: 27bbffa14dd0a8bffcc76614de24833a9ee84a7233fb7bb29618bed7c466a3ad266e4d4d3466def7aa61738dd8f33fc7cf87658986851666ab13b760b5e5e1a2
  languageName: node
  linkType: hard

"postgres-range@npm:^1.1.1":
  version: 1.1.3
  resolution: "postgres-range@npm:1.1.3"
  checksum: 9fa0c1d5c5f861a0580b4892b39fbe09e12afb5fdf5cebc933cb3deed8c98c180ec964c597c8aeb823231275473b1b02c6d3714d43c55e3fdf7f0258d66b6af3
  languageName: node
  linkType: hard

"prettier@npm:^2.5.1, prettier@npm:^2.8.3":
  version: 2.8.3
  resolution: "prettier@npm:2.8.3"
  bin:
    prettier: bin-prettier.js
  checksum: 9daf1c05e07337a96fec26b5518ce787e4f98bfd1a5eb72af988cf123ea7ed56584f10c0cc4fc3073bf9504d157a8604d93a8e17752c483ae114614a0c557b36
  languageName: node
  linkType: hard

"readable-stream@npm:^3.0.0":
  version: 3.6.0
  resolution: "readable-stream@npm:3.6.0"
  dependencies:
    inherits: "npm:^2.0.3"
    string_decoder: "npm:^1.1.1"
    util-deprecate: "npm:^1.0.1"
  checksum: bda7b24d3910bf0ec4a1df3c540e1b97b1ed3ca49ea0ddc0d2c6bf29d3997251a7244608de1d842555641d1c115d9b3566167fef9225ee6ef147c9e6a539395b
  languageName: node
  linkType: hard

"require-directory@npm:^2.1.1":
  version: 2.1.1
  resolution: "require-directory@npm:2.1.1"
  checksum: 1b1289dc30006e3c6576dd899ed812921f680d652005118cfabcf5d0679e885ff19a6659219e6705571a6ba7f4278f24d93b17f7e7e9ba28dc4b38e256f35d61
  languageName: node
  linkType: hard

"requires-port@npm:^1.0.0":
  version: 1.0.0
  resolution: "requires-port@npm:1.0.0"
  checksum: 28a1064f043588514802bff52dacac500c43b642383109145c55ff8bac26b3cf1ca951abc824446c773309c45dd049608986c1e15142ae7e336b9926065a1830
  languageName: node
  linkType: hard

"ruru@npm:^2.0.0-0.5":
  version: 2.0.0-0.5
  resolution: "ruru@npm:2.0.0-0.5"
  dependencies:
    graphile-config: "npm:^0.0.1-0.2"
    http-proxy: "npm:^1.18.1"
    tslib: "npm:^2.4.0"
    yargs: "npm:^17.6.2"
  peerDependencies:
    graphql: ^16.1.0-experimental-stream-defer.6
  bin:
    ruru: dist/cli-run.js
  checksum: e89c811cd4e593e436e7774f50d8f03ca1804194e539f6406954e234591b4908b59deb2d4578407415191afaedd4733d4b14e0ac87c82e71e69c941dc68aa82d
  languageName: node
  linkType: hard

"safe-buffer@npm:^5.0.1, safe-buffer@npm:~5.2.0":
  version: 5.2.1
  resolution: "safe-buffer@npm:5.2.1"
  checksum: da8a21b3336a21c152eb3ba8ab41acde5772644f026d4b6e5f9fd8afa4f0cf407c113b19a362580fab9aea8beea295465432fc7684f9ff38aac559bb1b5528cd
  languageName: node
  linkType: hard

"semver@npm:^5.6.0":
  version: 5.7.1
  resolution: "semver@npm:5.7.1"
  bin:
    semver: ./bin/semver
  checksum: e1d12140b695aeb8917978d134ff3f8fee33489a5eaf6b217111ab0b14cbf45f36753d510db4dfbdc5a6f304e053ff1a4995c5498e9734ad9bf98182e4f39704
  languageName: node
  linkType: hard

"semver@npm:^7.3.5":
  version: 7.3.8
  resolution: "semver@npm:7.3.8"
  dependencies:
    lru-cache: "npm:^6.0.0"
  bin:
    semver: bin/semver.js
  checksum: 94ad80ee14889020cb4a14d809fb99d16cbf4ff3dc7f4c564fc72efe2c5763a60090a1c16a9fd18ceeb1e993a1303a4d870c0a22f26adaf435b368b46a7d8462
  languageName: node
  linkType: hard

"split2@npm:^3.1.1":
  version: 3.2.2
  resolution: "split2@npm:3.2.2"
  dependencies:
    readable-stream: "npm:^3.0.0"
  checksum: 686aeb34a25f99fcbc9e1c8b1fe04e45f300dce4951776c765500702e3e412850a6acb812b638e975fd1c96bb6e61218898044a4743f7ac2b4793bc050a63760
  languageName: node
  linkType: hard

"string-width@npm:^4.1.0, string-width@npm:^4.2.0, string-width@npm:^4.2.3":
  version: 4.2.3
  resolution: "string-width@npm:4.2.3"
  dependencies:
    emoji-regex: "npm:^8.0.0"
    is-fullwidth-code-point: "npm:^3.0.0"
    strip-ansi: "npm:^6.0.1"
  checksum: aa0f3e082b461e0dc8c54334ef2c748b777e7529c34d348ee16e69690da45e24f223804d94060633126462e2aa4906d6fbfab882f34036a9f4ccd3dbcd2d6931
  languageName: node
  linkType: hard

"string_decoder@npm:^1.1.1":
  version: 1.3.0
  resolution: "string_decoder@npm:1.3.0"
  dependencies:
    safe-buffer: "npm:~5.2.0"
  checksum: c6b892bdb15861a68c4f9599bdff3909c70b1a2cee73d226a235b8fbadfc0aa060bdd265cb3fd86e856cee6d98cd0d657f84098cb51241f4fae19d0cacf9e13e
  languageName: node
  linkType: hard

"strip-ansi@npm:^6.0.0, strip-ansi@npm:^6.0.1":
  version: 6.0.1
  resolution: "strip-ansi@npm:6.0.1"
  dependencies:
    ansi-regex: "npm:^5.0.1"
  checksum: 056ca08f8097351060572eee207ec66247937d7248780a3d643b5eed7d6b5ca6a0990a4f921ffd329e8e9b66427a384237892ac3cb47463adf7d040b154084ec
  languageName: node
  linkType: hard

"supports-color@npm:^5.3.0":
  version: 5.5.0
  resolution: "supports-color@npm:5.5.0"
  dependencies:
    has-flag: "npm:^3.0.0"
  checksum: 2eca8c4c8fccd2bd0027af240f85e99b1c9cb221186288dd478ce0fc61bdc07394e47f1bba2c91fe3ae432764772e3639e9c48bef19817267f151ae4a9b9ebef
  languageName: node
  linkType: hard

"supports-color@npm:^7.1.0":
  version: 7.2.0
  resolution: "supports-color@npm:7.2.0"
  dependencies:
    has-flag: "npm:^4.0.0"
  checksum: 9218cc0d12c57f4ae213e6ace98e0cda2d8f47617300f21501a0078e17d9e3b4aa3effdc1006e369dfd5389ff4f99682b9617d4a8fb7566e2964955dd14d4cc3
  languageName: node
  linkType: hard

"tamedevil@npm:^0.0.0-0.2":
  version: 0.0.0-0.2
  resolution: "tamedevil@npm:0.0.0-0.2"
  dependencies:
    "@graphile/lru": "npm:^5.0.0-0.1"
    tslib: "npm:^2.4.0"
  checksum: 73e7eb3bb8e050d0e2b539e15f2a14a98c9b56daf159882bba6e6bc2ace6f5468c7e630fab2d2b7fbefe81c3d76424521204e82631f7ce1a24434cd54844c452
  languageName: node
  linkType: hard

"to-fast-properties@npm:^2.0.0":
  version: 2.0.0
  resolution: "to-fast-properties@npm:2.0.0"
  checksum: 49d863a314830916634c1a28911db62be419b93fbc430c18955584f112d0e20ccd078c319c5a9af077e11bbf42cdcd8405726262bfb2d4db9fe91ae9f5585ed2
  languageName: node
  linkType: hard

"tslib@npm:^2.4.0":
  version: 2.5.0
  resolution: "tslib@npm:2.5.0"
  checksum: 5a6ee935f56cd653af29de928483acbab7323f964b053e98b6b318abc69431fb0e4f660c4f4a396e2e93852510bef25eeb9f1d951d060b2d7bcc313811e5da6f
  languageName: node
  linkType: hard

"typescript@npm:^4.9.5":
  version: 4.9.5
  resolution: "typescript@npm:4.9.5"
  bin:
    tsc: bin/tsc
    tsserver: bin/tsserver
  checksum: 550217a465c00b1d7ef0e0ddc3a6a0b2ae1fd7c1b9f53cde5a1cfe56aa457c7a43fa83792c1b98b2185d2156d0467c9ad6f6600515ad4f4fc2acee54c4bd320e
  languageName: node
  linkType: hard

"typescript@patch:typescript@npm%3A^4.9.5#optional!builtin<compat/typescript>":
  version: 4.9.5
  resolution: "typescript@patch:typescript@npm%3A4.9.5#optional!builtin<compat/typescript>::version=4.9.5&hash=ad5954"
  bin:
    tsc: bin/tsc
    tsserver: bin/tsserver
  checksum: 4b4cb92afdc90f15413ef84d30de0a09649d1e795ac4c10e391c2cde92ef6444f6a34081e4536dc9ce5694a65f2424923871275c7e7d422537b0c09f18ed3fb4
  languageName: node
  linkType: hard

"util-deprecate@npm:^1.0.1":
  version: 1.0.2
  resolution: "util-deprecate@npm:1.0.2"
  checksum: 6a88ed8344d07f2324b304ee36def365d967953b5a9c15baa3213eb3909e86a7da1ee70a4c2133e80c23d6c1987590e9c3c57d874e20a124f9e41620b462fa57
  languageName: node
  linkType: hard

"wrap-ansi@npm:^7.0.0":
  version: 7.0.0
  resolution: "wrap-ansi@npm:7.0.0"
  dependencies:
    ansi-styles: "npm:^4.0.0"
    string-width: "npm:^4.1.0"
    strip-ansi: "npm:^6.0.0"
  checksum: b72e4a1ebd582221c3d7eae2473c7841af1fd435defe08bb3854600013ced559b10efa767b4fdc6725402ab16b79f86f73e5d4edc7cf9214e15733ee34849aa0
  languageName: node
  linkType: hard

"xtend@npm:^4.0.0":
  version: 4.0.2
  resolution: "xtend@npm:4.0.2"
  checksum: 3d5d245e44d76b4eaf8a357199541347da8ce522bc0573fdb89b01ff6594b33364569d1dba02ccfe3ee86b384c0d61c06fda1b0cff71f382029e2a18e2f592f7
  languageName: node
  linkType: hard

"y18n@npm:^5.0.5":
  version: 5.0.8
  resolution: "y18n@npm:5.0.8"
  checksum: 10a6a4dcab8518b72a500520664b686bffe79d8e756af1a7eedf49fa72ab35e40f508896e0baa534f7f92e08193a6dad4283298c11ea7885e710c76b7e2bcc7a
  languageName: node
  linkType: hard

"yallist@npm:^4.0.0":
  version: 4.0.0
  resolution: "yallist@npm:4.0.0"
  checksum: cd7fe32508c6942d8b979278fbe13846fe88cd6840d78043d08c6b2c74d67ce38b58bd21618dca8a4e132dcc025fc0e66a7d87ca10cf6ed338465607ebff4378
  languageName: node
  linkType: hard

"yargs-parser@npm:^21.1.1":
  version: 21.1.1
  resolution: "yargs-parser@npm:21.1.1"
  checksum: fc4457cf1e4d7d41e5b3a1d62e86b3934af704dd8777979a3c4c573e08eea437801444622cd68607c0266d53b90d84e8e79fd4f5ff170d1be8860064111bbad6
  languageName: node
  linkType: hard

"yargs@npm:^17.4.1, yargs@npm:^17.6.2":
  version: 17.6.2
  resolution: "yargs@npm:17.6.2"
  dependencies:
    cliui: "npm:^8.0.1"
    escalade: "npm:^3.1.1"
    get-caller-file: "npm:^2.0.5"
    require-directory: "npm:^2.1.1"
    string-width: "npm:^4.2.3"
    y18n: "npm:^5.0.5"
    yargs-parser: "npm:^21.1.1"
  checksum: 31c667c5c38d1738ac4ecb6f5228eb94f53d0555db4e4091bd55bc7864d96f3e58e1b8126e1b19bfa056f4f1aeb7643723c3a8309267df36e30afb91e796a3fc
  languageName: node
  linkType: hard
